
Microsoft Visual Studio Solution File, Format Version 12.00
# Visual Studio 15
Project("{FAE04EC0-301F-11D3-BF4B-00C04F79EFBC}") = "Pantheon", "Pantheon.csproj", "{9DBFFA44-1F1A-AF79-EB58-0B2D35EF2F30}"
EndProject
Project("{FAE04EC0-301F-11D3-BF4B-00C04F79EFBC}") = "CrossSceneReference", "CrossSceneReference.csproj", "{6414A4A1-599C-F67C-131D-1580D313A044}"
EndProject
Project("{FAE04EC0-301F-11D3-BF4B-00C04F79EFBC}") = "Assembly-CSharp", "Assembly-CSharp.csproj", "{D8FF56EA-5D97-32BB-196E-D0BA45FA9996}"
EndProject
Project("{FAE04EC0-301F-11D3-BF4B-00C04F79EFBC}") = "Assembly-CSharp-Editor", "Assembly-CSharp-Editor.csproj", "{8976FB5C-5AF4-9F4C-A35D-8B005B94FF40}"
EndProject
Project("{FAE04EC0-301F-11D3-BF4B-00C04F79EFBC}") = "CrossSceneReference.Editor", "CrossSceneReference.Editor.csproj", "{DCA391AA-BF7E-B08C-F5C6-9D77260AD86B}"
EndProject
Global
	GlobalSection(SolutionConfigurationPlatforms) = preSolution
		Debug|Any CPU = Debug|Any CPU
		Release|Any CPU = Release|Any CPU
	EndGlobalSection
	GlobalSection(ProjectConfigurationPlatforms) = postSolution
		{9DBFFA44-1F1A-AF79-EB58-0B2D35EF2F30}.Debug|Any CPU.ActiveCfg = Debug|Any CPU
		{9DBFFA44-1F1A-AF79-EB58-0B2D35EF2F30}.Debug|Any CPU.Build.0 = Debug|Any CPU
		{9DBFFA44-1F1A-AF79-EB58-0B2D35EF2F30}.Release|Any CPU.ActiveCfg = Release|Any CPU
		{9DBFFA44-1F1A-AF79-EB58-0B2D35EF2F30}.Release|Any CPU.Build.0 = Release|Any CPU
		{6414A4A1-599C-F67C-131D-1580D313A044}.Debug|Any CPU.ActiveCfg = Debug|Any CPU
		{6414A4A1-599C-F67C-131D-1580D313A044}.Debug|Any CPU.Build.0 = Debug|Any CPU
		{6414A4A1-599C-F67C-131D-1580D313A044}.Release|Any CPU.ActiveCfg = Release|Any CPU
		{6414A4A1-599C-F67C-131D-1580D313A044}.Release|Any CPU.Build.0 = Release|Any CPU
		{D8FF56EA-5D97-32BB-196E-D0BA45FA9996}.Debug|Any CPU.ActiveCfg = Debug|Any CPU
		{D8FF56EA-5D97-32BB-196E-D0BA45FA9996}.Debug|Any CPU.Build.0 = Debug|Any CPU
		{D8FF56EA-5D97-32BB-196E-D0BA45FA9996}.Release|Any CPU.ActiveCfg = Release|Any CPU
		{D8FF56EA-5D97-32BB-196E-D0BA45FA9996}.Release|Any CPU.Build.0 = Release|Any CPU
		{8976FB5C-5AF4-9F4C-A35D-8B005B94FF40}.Debug|Any CPU.ActiveCfg = Debug|Any CPU
		{8976FB5C-5AF4-9F4C-A35D-8B005B94FF40}.Debug|Any CPU.Build.0 = Debug|Any CPU
		{8976FB5C-5AF4-9F4C-A35D-8B005B94FF40}.Release|Any CPU.ActiveCfg = Release|Any CPU
		{8976FB5C-5AF4-9F4C-A35D-8B005B94FF40}.Release|Any CPU.Build.0 = Release|Any CPU
		{DCA391AA-BF7E-B08C-F5C6-9D77260AD86B}.Debug|Any CPU.ActiveCfg = Debug|Any CPU
		{DCA391AA-BF7E-B08C-F5C6-9D77260AD86B}.Debug|Any CPU.Build.0 = Debug|Any CPU
		{DCA391AA-BF7E-B08C-F5C6-9D77260AD86B}.Release|Any CPU.ActiveCfg = Release|Any CPU
		{DCA391AA-BF7E-B08C-F5C6-9D77260AD86B}.Release|Any CPU.Build.0 = Release|Any CPU
	EndGlobalSection
	GlobalSection(SolutionProperties) = preSolution
		HideSolutionNode = FALSE
	EndGlobalSection
EndGlobal
