
Microsoft Visual Studio Solution File, Format Version 12.00
# Visual Studio 15
Project("{FAE04EC0-301F-11D3-BF4B-00C04F79EFBC}") = "Scripts", "Scripts.csproj", "{AF7FFA80-3B66-13B7-9228-0B1A524F7576}"
EndProject
Project("{FAE04EC0-301F-11D3-BF4B-00C04F79EFBC}") = "CrossSceneReference", "CrossSceneReference.csproj", "{6414A4A1-599C-F67C-131D-1580D313A044}"
EndProject
Project("{FAE04EC0-301F-11D3-BF4B-00C04F79EFBC}") = "Assembly-CSharp", "Assembly-CSharp.csproj", "{D8FF56EA-5D97-32BB-196E-D0BA45FA9996}"
EndProject
Project("{FAE04EC0-301F-11D3-BF4B-00C04F79EFBC}") = "Editor", "Editor.csproj", "{BFA55D54-4E9D-E1E4-8E1D-70388EDDAE7D}"
EndProject
Project("{FAE04EC0-301F-11D3-BF4B-00C04F79EFBC}") = "Assembly-CSharp-Editor", "Assembly-CSharp-Editor.csproj", "{8976FB5C-5AF4-9F4C-A35D-8B005B94FF40}"
EndProject
Project("{FAE04EC0-301F-11D3-BF4B-00C04F79EFBC}") = "Tests", "Tests.csproj", "{AFF07B79-6CC7-392F-E65A-FEA0571CC579}"
EndProject
Project("{FAE04EC0-301F-11D3-BF4B-00C04F79EFBC}") = "CrossSceneReference.Editor", "CrossSceneReference.Editor.csproj", "{DCA391AA-BF7E-B08C-F5C6-9D77260AD86B}"
EndProject
Global
	GlobalSection(SolutionConfigurationPlatforms) = preSolution
		Debug|Any CPU = Debug|Any CPU
		Release|Any CPU = Release|Any CPU
	EndGlobalSection
	GlobalSection(ProjectConfigurationPlatforms) = postSolution
		{AF7FFA80-3B66-13B7-9228-0B1A524F7576}.Debug|Any CPU.ActiveCfg = Debug|Any CPU
		{AF7FFA80-3B66-13B7-9228-0B1A524F7576}.Debug|Any CPU.Build.0 = Debug|Any CPU
		{AF7FFA80-3B66-13B7-9228-0B1A524F7576}.Release|Any CPU.ActiveCfg = Release|Any CPU
		{AF7FFA80-3B66-13B7-9228-0B1A524F7576}.Release|Any CPU.Build.0 = Release|Any CPU
		{6414A4A1-599C-F67C-131D-1580D313A044}.Debug|Any CPU.ActiveCfg = Debug|Any CPU
		{6414A4A1-599C-F67C-131D-1580D313A044}.Debug|Any CPU.Build.0 = Debug|Any CPU
		{6414A4A1-599C-F67C-131D-1580D313A044}.Release|Any CPU.ActiveCfg = Release|Any CPU
		{6414A4A1-599C-F67C-131D-1580D313A044}.Release|Any CPU.Build.0 = Release|Any CPU
		{D8FF56EA-5D97-32BB-196E-D0BA45FA9996}.Debug|Any CPU.ActiveCfg = Debug|Any CPU
		{D8FF56EA-5D97-32BB-196E-D0BA45FA9996}.Debug|Any CPU.Build.0 = Debug|Any CPU
		{D8FF56EA-5D97-32BB-196E-D0BA45FA9996}.Release|Any CPU.ActiveCfg = Release|Any CPU
		{D8FF56EA-5D97-32BB-196E-D0BA45FA9996}.Release|Any CPU.Build.0 = Release|Any CPU
		{BFA55D54-4E9D-E1E4-8E1D-70388EDDAE7D}.Debug|Any CPU.ActiveCfg = Debug|Any CPU
		{BFA55D54-4E9D-E1E4-8E1D-70388EDDAE7D}.Debug|Any CPU.Build.0 = Debug|Any CPU
		{BFA55D54-4E9D-E1E4-8E1D-70388EDDAE7D}.Release|Any CPU.ActiveCfg = Release|Any CPU
		{BFA55D54-4E9D-E1E4-8E1D-70388EDDAE7D}.Release|Any CPU.Build.0 = Release|Any CPU
		{8976FB5C-5AF4-9F4C-A35D-8B005B94FF40}.Debug|Any CPU.ActiveCfg = Debug|Any CPU
		{8976FB5C-5AF4-9F4C-A35D-8B005B94FF40}.Debug|Any CPU.Build.0 = Debug|Any CPU
		{8976FB5C-5AF4-9F4C-A35D-8B005B94FF40}.Release|Any CPU.ActiveCfg = Release|Any CPU
		{8976FB5C-5AF4-9F4C-A35D-8B005B94FF40}.Release|Any CPU.Build.0 = Release|Any CPU
		{AFF07B79-6CC7-392F-E65A-FEA0571CC579}.Debug|Any CPU.ActiveCfg = Debug|Any CPU
		{AFF07B79-6CC7-392F-E65A-FEA0571CC579}.Debug|Any CPU.Build.0 = Debug|Any CPU
		{AFF07B79-6CC7-392F-E65A-FEA0571CC579}.Release|Any CPU.ActiveCfg = Release|Any CPU
		{AFF07B79-6CC7-392F-E65A-FEA0571CC579}.Release|Any CPU.Build.0 = Release|Any CPU
		{DCA391AA-BF7E-B08C-F5C6-9D77260AD86B}.Debug|Any CPU.ActiveCfg = Debug|Any CPU
		{DCA391AA-BF7E-B08C-F5C6-9D77260AD86B}.Debug|Any CPU.Build.0 = Debug|Any CPU
		{DCA391AA-BF7E-B08C-F5C6-9D77260AD86B}.Release|Any CPU.ActiveCfg = Release|Any CPU
		{DCA391AA-BF7E-B08C-F5C6-9D77260AD86B}.Release|Any CPU.Build.0 = Release|Any CPU
	EndGlobalSection
	GlobalSection(SolutionProperties) = preSolution
		HideSolutionNode = FALSE
	EndGlobalSection
EndGlobal
